
Microsoft Visual Studio Solution File, Format Version 12.00
# Visual Studio Version 17
VisualStudioVersion = 17.8.34330.188
MinimumVisualStudioVersion = 10.0.40219.1
Project("{FAE04EC0-301F-11D3-BF4B-00C04F79EFBC}") = "PelatologioApi", "PelatologioApi.csproj", "{CFA1BACD-48A2-40FB-8F99-7F59234E4121}"
EndProject
Global
	GlobalSection(SolutionConfigurationPlatforms) = preSolution
		Debug|Any CPU = Debug|Any CPU
		Release|Any CPU = Release|Any CPU
	EndGlobalSection
	GlobalSection(ProjectConfigurationPlatforms) = postSolution
		{CFA1BACD-48A2-40FB-8F99-7F59234E4121}.Debug|Any CPU.ActiveCfg = Debug|Any CPU
		{CFA1BACD-48A2-40FB-8F99-7F59234E4121}.Debug|Any CPU.Build.0 = Debug|Any CPU
		{CFA1BACD-48A2-40FB-8F99-7F59234E4121}.Release|Any CPU.ActiveCfg = Release|Any CPU
		{CFA1BACD-48A2-40FB-8F99-7F59234E4121}.Release|Any CPU.Build.0 = Release|Any CPU
	EndGlobalSection
	GlobalSection(SolutionProperties) = preSolution
		HideSolutionNode = FALSE
	EndGlobalSection
	GlobalSection(ExtensibilityGlobals) = postSolution
		SolutionGuid = {37C42763-2074-4E09-B5CE-8100C8DC8346}
	EndGlobalSection
EndGlobal
